github.com/go-faster/errors v0.5.0 h1:hS/zHFJ2Vb14jcupq5J9tk05XW+PFTmySOkDRByHBo4=
github.com/go-faster/errors v0.5.0/go.mod h1:/9SNBcg2ESJTYztBFEiM5Np6ns85BtPNMJd8lFTiFwk=
github.com/go-faster/jx v0.23.3 h1:zSGBOJQr06SvFtkOOqKbuqkAEdYxpz+7Ijx+PVgrBfc=
github.com/go-faster/jx v0.23.3/go.mod h1:I2qnT5kkW6iO0RXe4rOnIW3y3yZYJVeT7fG8JSQkP8I=
